// !$*UTF8*$!
{
	archiveVersion = 1;
	classes = {
	};
	objectVersion = 55;
	objects = {

/* Begin PBXBuildFile section */
		18066B4828E4DA32002FF737 /* NewsListViewController.swift in Sources */ = {isa = PBXBuildFile; fileRef = 18066B4628E4DA32002FF737 /* NewsListViewController.swift */; };
		18066B4928E4DA32002FF737 /* NewsListViewController.xib in Resources */ = {isa = PBXBuildFile; fileRef = 18066B4728E4DA32002FF737 /* NewsListViewController.xib */; };
		18066B4C28E4DA5D002FF737 /* BaseViewController.swift in Sources */ = {isa = PBXBuildFile; fileRef = 18066B4B28E4DA5D002FF737 /* BaseViewController.swift */; };
		18066B4E28E4DA79002FF737 /* BaseViewModel.swift in Sources */ = {isa = PBXBuildFile; fileRef = 18066B4D28E4DA79002FF737 /* BaseViewModel.swift */; };
		18066B5028E4DB2C002FF737 /* NewsListViewModel.swift in Sources */ = {isa = PBXBuildFile; fileRef = 18066B4F28E4DB2C002FF737 /* NewsListViewModel.swift */; };
		18066B5328E4DBA2002FF737 /* API.swift in Sources */ = {isa = PBXBuildFile; fileRef = 18066B5228E4DBA2002FF737 /* API.swift */; };
		18066B5528E4DBB6002FF737 /* RequestType.swift in Sources */ = {isa = PBXBuildFile; fileRef = 18066B5428E4DBB6002FF737 /* RequestType.swift */; };
		18066B5928E4DCB9002FF737 /* UIViewController+Extensions.swift in Sources */ = {isa = PBXBuildFile; fileRef = 18066B5828E4DCB9002FF737 /* UIViewController+Extensions.swift */; };
		18066B5C28E4DE56002FF737 /* Request.swift in Sources */ = {isa = PBXBuildFile; fileRef = 18066B5B28E4DE56002FF737 /* Request.swift */; };
		18066B5E28E4DE81002FF737 /* NSError+Extensions.swift in Sources */ = {isa = PBXBuildFile; fileRef = 18066B5D28E4DE81002FF737 /* NSError+Extensions.swift */; };
		18066B6128E4E28A002FF737 /* NewsServiceOutput.swift in Sources */ = {isa = PBXBuildFile; fileRef = 18066B6028E4E28A002FF737 /* NewsServiceOutput.swift */; };
		18066B6328E4E362002FF737 /* Article.swift in Sources */ = {isa = PBXBuildFile; fileRef = 18066B6228E4E362002FF737 /* Article.swift */; };
		18066B6528E4E847002FF737 /* Content.swift in Sources */ = {isa = PBXBuildFile; fileRef = 18066B6428E4E847002FF737 /* Content.swift */; };
		18066B6728E4EF34002FF737 /* ContentAttribute.swift in Sources */ = {isa = PBXBuildFile; fileRef = 18066B6628E4EF34002FF737 /* ContentAttribute.swift */; };
		18066B6D28E4FB57002FF737 /* Localizable.strings in Resources */ = {isa = PBXBuildFile; fileRef = 18066B6F28E4FB57002FF737 /* Localizable.strings */; };
		18066B7128E4FBC1002FF737 /* Public.swift in Sources */ = {isa = PBXBuildFile; fileRef = 18066B7028E4FBC1002FF737 /* Public.swift */; };
		18066B7528E50955002FF737 /* NewsTableCell.swift in Sources */ = {isa = PBXBuildFile; fileRef = 18066B7328E50955002FF737 /* NewsTableCell.swift */; };
		18066B7628E50955002FF737 /* NewsTableCell.xib in Resources */ = {isa = PBXBuildFile; fileRef = 18066B7428E50955002FF737 /* NewsTableCell.xib */; };
		18066B7828E509A5002FF737 /* UITableViewCell+Extensions.swift in Sources */ = {isa = PBXBuildFile; fileRef = 18066B7728E509A5002FF737 /* UITableViewCell+Extensions.swift */; };
		18066B7A28E50B21002FF737 /* NewsTableCellViewModel.swift in Sources */ = {isa = PBXBuildFile; fileRef = 18066B7928E50B21002FF737 /* NewsTableCellViewModel.swift */; };
		18066B7C28E50BEE002FF737 /* Array+Extensions.swift in Sources */ = {isa = PBXBuildFile; fileRef = 18066B7B28E50BEE002FF737 /* Array+Extensions.swift */; };
		18066B7E28E50CF9002FF737 /* OptionalString+Extensions.swift in Sources */ = {isa = PBXBuildFile; fileRef = 18066B7D28E50CF9002FF737 /* OptionalString+Extensions.swift */; };
		18066B8828E52A00002FF737 /* NewsDetailsViewController.swift in Sources */ = {isa = PBXBuildFile; fileRef = 18066B8628E52A00002FF737 /* NewsDetailsViewController.swift */; };
		18066B8928E52A00002FF737 /* NewsDetailsViewController.xib in Resources */ = {isa = PBXBuildFile; fileRef = 18066B8728E52A00002FF737 /* NewsDetailsViewController.xib */; };
		18066B8B28E52A22002FF737 /* NewsDetailsViewModel.swift in Sources */ = {isa = PBXBuildFile; fileRef = 18066B8A28E52A22002FF737 /* NewsDetailsViewModel.swift */; };
		18066B8D28E52FB3002FF737 /* String+Extensions.swift in Sources */ = {isa = PBXBuildFile; fileRef = 18066B8C28E52FB3002FF737 /* String+Extensions.swift */; };
		183839BA28E61EF2009D9204 /* NewsDetailsTests.swift in Sources */ = {isa = PBXBuildFile; fileRef = 183839B928E61EF2009D9204 /* NewsDetailsTests.swift */; };
		188D7A5328E5B19500A8412B /* LabelSettings.swift in Sources */ = {isa = PBXBuildFile; fileRef = 188D7A5228E5B19500A8412B /* LabelSettings.swift */; };
		188D7A5528E5B4D700A8412B /* UILabel+Extensions.swift in Sources */ = {isa = PBXBuildFile; fileRef = 188D7A5428E5B4D700A8412B /* UILabel+Extensions.swift */; };
		188D7A5728E5B76400A8412B /* TableCellSettings.swift in Sources */ = {isa = PBXBuildFile; fileRef = 188D7A5628E5B76400A8412B /* TableCellSettings.swift */; };
		188D7A5928E5B83000A8412B /* UIImageView+Extensions.swift in Sources */ = {isa = PBXBuildFile; fileRef = 188D7A5828E5B83000A8412B /* UIImageView+Extensions.swift */; };
		188D7A5B28E5B85900A8412B /* ImageViewSettings.swift in Sources */ = {isa = PBXBuildFile; fileRef = 188D7A5A28E5B85900A8412B /* ImageViewSettings.swift */; };
		188D7A5D28E5C10400A8412B /* UIImage+Extensions.swift in Sources */ = {isa = PBXBuildFile; fileRef = 188D7A5C28E5C10400A8412B /* UIImage+Extensions.swift */; };
		188D7A5F28E5C34400A8412B /* OptionalData+Extensions.swift in Sources */ = {isa = PBXBuildFile; fileRef = 188D7A5E28E5C34400A8412B /* OptionalData+Extensions.swift */; };
		188D7A6128E5C3EE00A8412B /* Data+Extensions.swift in Sources */ = {isa = PBXBuildFile; fileRef = 188D7A6028E5C3EE00A8412B /* Data+Extensions.swift */; };
		18BFB9F928E8726500DF0BC4 /* NewsAPIService.swift in Sources */ = {isa = PBXBuildFile; fileRef = 18BFB9F828E8726500DF0BC4 /* NewsAPIService.swift */; };
		18BFB9FB28E877E700DF0BC4 /* ImageAPIService.swift in Sources */ = {isa = PBXBuildFile; fileRef = 18BFB9FA28E877E700DF0BC4 /* ImageAPIService.swift */; };
		18BFB9FF28E8828600DF0BC4 /* LoadingView.swift in Sources */ = {isa = PBXBuildFile; fileRef = 18BFB9FE28E8828600DF0BC4 /* LoadingView.swift */; };
		18BFBA0128E8828D00DF0BC4 /* LoadingView.xib in Resources */ = {isa = PBXBuildFile; fileRef = 18BFBA0028E8828D00DF0BC4 /* LoadingView.xib */; };
		18BFBA0328E8842F00DF0BC4 /* LoadingViewViewModel.swift in Sources */ = {isa = PBXBuildFile; fileRef = 18BFBA0228E8842F00DF0BC4 /* LoadingViewViewModel.swift */; };
		18CF95A028E4D7C10079B714 /* AppDelegate.swift in Sources */ = {isa = PBXBuildFile; fileRef = 18CF959F28E4D7C10079B714 /* AppDelegate.swift */; };
		18CF95A228E4D7C10079B714 /* SceneDelegate.swift in Sources */ = {isa = PBXBuildFile; fileRef = 18CF95A128E4D7C10079B714 /* SceneDelegate.swift */; };
		18CF95A928E4D7C20079B714 /* Assets.xcassets in Resources */ = {isa = PBXBuildFile; fileRef = 18CF95A828E4D7C20079B714 /* Assets.xcassets */; };
		18CF95AC28E4D7C20079B714 /* LaunchScreen.storyboard in Resources */ = {isa = PBXBuildFile; fileRef = 18CF95AA28E4D7C20079B714 /* LaunchScreen.storyboard */; };
		18CF95B728E4D7C20079B714 /* NewsListTests.swift in Sources */ = {isa = PBXBuildFile; fileRef = 18CF95B628E4D7C20079B714 /* NewsListTests.swift */; };
		9402B2BD2C38BF7700D4B29B /* NewsListUITests.swift in Sources */ = {isa = PBXBuildFile; fileRef = 9402B2BC2C38BF7700D4B29B /* NewsListUITests.swift */; };
		9402B2BF2C38BF9000D4B29B /* NewsDetailUITests.swift in Sources */ = {isa = PBXBuildFile; fileRef = 9402B2BE2C38BF9000D4B29B /* NewsDetailUITests.swift */; };
		9402B2C12C398E8F00D4B29B /* MockNewsAPIService.swift in Sources */ = {isa = PBXBuildFile; fileRef = 9402B2C02C398E8F00D4B29B /* MockNewsAPIService.swift */; };
		9402B2C62C3992F100D4B29B /* MockNewsData.json in Resources */ = {isa = PBXBuildFile; fileRef = 9402B2C52C3992F100D4B29B /* MockNewsData.json */; };
		9402B2C82C39B2CE00D4B29B /* MockTwentyNewsData.json in Resources */ = {isa = PBXBuildFile; fileRef = 9402B2C72C39B2CE00D4B29B /* MockTwentyNewsData.json */; };
		940D16CA2C3AD6120014CF11 /* Array+Extensions.swift in Sources */ = {isa = PBXBuildFile; fileRef = 940D16C92C3AD6120014CF11 /* Array+Extensions.swift */; };
		940D16CC2C3AF3BA0014CF11 /* MockAllTypesOfNewsData.json in Resources */ = {isa = PBXBuildFile; fileRef = 940D16CB2C3AF3BA0014CF11 /* MockAllTypesOfNewsData.json */; };
		940DC7992C46A90B001727D6 /* NewsListTableCellTests.swift in Sources */ = {isa = PBXBuildFile; fileRef = 940DC7982C46A90B001727D6 /* NewsListTableCellTests.swift */; };
		940DC79B2C46CDD6001727D6 /* MockImageAPIService.swift in Sources */ = {isa = PBXBuildFile; fileRef = 940DC79A2C46CDD6001727D6 /* MockImageAPIService.swift */; };
		940DC79D2C473287001727D6 /* MockOnlyOneNewsData.json in Resources */ = {isa = PBXBuildFile; fileRef = 940DC79C2C473287001727D6 /* MockOnlyOneNewsData.json */; };
		DADD97612C3692CD00A3D62A /* Injection.swift in Sources */ = {isa = PBXBuildFile; fileRef = DADD97602C3692CC00A3D62A /* Injection.swift */; };
		E09403C6299BC33600B1BA8E /* UIFont+Extensions.swift in Sources */ = {isa = PBXBuildFile; fileRef = E09403C5299BC33600B1BA8E /* UIFont+Extensions.swift */; };
		E09403C8299BDBE600B1BA8E /* README.md in Resources */ = {isa = PBXBuildFile; fileRef = E09403C7299BDBE600B1BA8E /* README.md */; };
		E09403D0299BDC8B00B1BA8E /* ReachNewsUITests.swift in Sources */ = {isa = PBXBuildFile; fileRef = E09403CF299BDC8B00B1BA8E /* ReachNewsUITests.swift */; };
		E09403D2299BDC8B00B1BA8E /* ReachNewsUITestsLaunchTests.swift in Sources */ = {isa = PBXBuildFile; fileRef = E09403D1299BDC8B00B1BA8E /* ReachNewsUITestsLaunchTests.swift */; };
/* End PBXBuildFile section */

/* Begin PBXContainerItemProxy section */
		18CF95B328E4D7C20079B714 /* PBXContainerItemProxy */ = {
			isa = PBXContainerItemProxy;
			containerPortal = 18CF959428E4D7C00079B714 /* Project object */;
			proxyType = 1;
			remoteGlobalIDString = 18CF959B28E4D7C00079B714;
			remoteInfo = ReachNews;
		};
		E09403D3299BDC8B00B1BA8E /* PBXContainerItemProxy */ = {
			isa = PBXContainerItemProxy;
			containerPortal = 18CF959428E4D7C00079B714 /* Project object */;
			proxyType = 1;
			remoteGlobalIDString = 18CF959B28E4D7C00079B714;
			remoteInfo = ReachNews;
		};
/* End PBXContainerItemProxy section */

/* Begin PBXFileReference section */
		18066B4628E4DA32002FF737 /* NewsListViewController.swift */ = {isa = PBXFileReference; lastKnownFileType = sourcecode.swift; path = NewsListViewController.swift; sourceTree = "<group>"; };
		18066B4728E4DA32002FF737 /* NewsListViewController.xib */ = {isa = PBXFileReference; lastKnownFileType = file.xib; path = NewsListViewController.xib; sourceTree = "<group>"; };
		18066B4B28E4DA5D002FF737 /* BaseViewController.swift */ = {isa = PBXFileReference; lastKnownFileType = sourcecode.swift; path = BaseViewController.swift; sourceTree = "<group>"; };
		18066B4D28E4DA79002FF737 /* BaseViewModel.swift */ = {isa = PBXFileReference; lastKnownFileType = sourcecode.swift; path = BaseViewModel.swift; sourceTree = "<group>"; };
		18066B4F28E4DB2C002FF737 /* NewsListViewModel.swift */ = {isa = PBXFileReference; lastKnownFileType = sourcecode.swift; path = NewsListViewModel.swift; sourceTree = "<group>"; };
		18066B5228E4DBA2002FF737 /* API.swift */ = {isa = PBXFileReference; lastKnownFileType = sourcecode.swift; path = API.swift; sourceTree = "<group>"; };
		18066B5428E4DBB6002FF737 /* RequestType.swift */ = {isa = PBXFileReference; lastKnownFileType = sourcecode.swift; path = RequestType.swift; sourceTree = "<group>"; };
		18066B5828E4DCB9002FF737 /* UIViewController+Extensions.swift */ = {isa = PBXFileReference; lastKnownFileType = sourcecode.swift; path = "UIViewController+Extensions.swift"; sourceTree = "<group>"; };
		18066B5B28E4DE56002FF737 /* Request.swift */ = {isa = PBXFileReference; lastKnownFileType = sourcecode.swift; path = Request.swift; sourceTree = "<group>"; };
		18066B5D28E4DE81002FF737 /* NSError+Extensions.swift */ = {isa = PBXFileReference; lastKnownFileType = sourcecode.swift; path = "NSError+Extensions.swift"; sourceTree = "<group>"; };
		18066B6028E4E28A002FF737 /* NewsServiceOutput.swift */ = {isa = PBXFileReference; lastKnownFileType = sourcecode.swift; path = NewsServiceOutput.swift; sourceTree = "<group>"; };
		18066B6228E4E362002FF737 /* Article.swift */ = {isa = PBXFileReference; lastKnownFileType = sourcecode.swift; path = Article.swift; sourceTree = "<group>"; };
		18066B6428E4E847002FF737 /* Content.swift */ = {isa = PBXFileReference; lastKnownFileType = sourcecode.swift; path = Content.swift; sourceTree = "<group>"; };
		18066B6628E4EF34002FF737 /* ContentAttribute.swift */ = {isa = PBXFileReference; lastKnownFileType = sourcecode.swift; path = ContentAttribute.swift; sourceTree = "<group>"; };
		18066B6C28E4FB50002FF737 /* en */ = {isa = PBXFileReference; lastKnownFileType = file.storyboard; name = en; path = en.lproj/LaunchScreen.storyboard; sourceTree = "<group>"; };
		18066B6E28E4FB57002FF737 /* en */ = {isa = PBXFileReference; lastKnownFileType = text.plist.strings; name = en; path = en.lproj/Localizable.strings; sourceTree = "<group>"; };
		18066B7028E4FBC1002FF737 /* Public.swift */ = {isa = PBXFileReference; lastKnownFileType = sourcecode.swift; path = Public.swift; sourceTree = "<group>"; };
		18066B7328E50955002FF737 /* NewsTableCell.swift */ = {isa = PBXFileReference; lastKnownFileType = sourcecode.swift; path = NewsTableCell.swift; sourceTree = "<group>"; };
		18066B7428E50955002FF737 /* NewsTableCell.xib */ = {isa = PBXFileReference; lastKnownFileType = file.xib; path = NewsTableCell.xib; sourceTree = "<group>"; };
		18066B7728E509A5002FF737 /* UITableViewCell+Extensions.swift */ = {isa = PBXFileReference; lastKnownFileType = sourcecode.swift; path = "UITableViewCell+Extensions.swift"; sourceTree = "<group>"; };
		18066B7928E50B21002FF737 /* NewsTableCellViewModel.swift */ = {isa = PBXFileReference; lastKnownFileType = sourcecode.swift; path = NewsTableCellViewModel.swift; sourceTree = "<group>"; };
		18066B7B28E50BEE002FF737 /* Array+Extensions.swift */ = {isa = PBXFileReference; lastKnownFileType = sourcecode.swift; path = "Array+Extensions.swift"; sourceTree = "<group>"; };
		18066B7D28E50CF9002FF737 /* OptionalString+Extensions.swift */ = {isa = PBXFileReference; lastKnownFileType = sourcecode.swift; path = "OptionalString+Extensions.swift"; sourceTree = "<group>"; };
		18066B8628E52A00002FF737 /* NewsDetailsViewController.swift */ = {isa = PBXFileReference; lastKnownFileType = sourcecode.swift; path = NewsDetailsViewController.swift; sourceTree = "<group>"; };
		18066B8728E52A00002FF737 /* NewsDetailsViewController.xib */ = {isa = PBXFileReference; lastKnownFileType = file.xib; path = NewsDetailsViewController.xib; sourceTree = "<group>"; };
		18066B8A28E52A22002FF737 /* NewsDetailsViewModel.swift */ = {isa = PBXFileReference; lastKnownFileType = sourcecode.swift; path = NewsDetailsViewModel.swift; sourceTree = "<group>"; };
		18066B8C28E52FB3002FF737 /* String+Extensions.swift */ = {isa = PBXFileReference; lastKnownFileType = sourcecode.swift; path = "String+Extensions.swift"; sourceTree = "<group>"; };
		183839B928E61EF2009D9204 /* NewsDetailsTests.swift */ = {isa = PBXFileReference; lastKnownFileType = sourcecode.swift; path = NewsDetailsTests.swift; sourceTree = "<group>"; };
		188D7A5228E5B19500A8412B /* LabelSettings.swift */ = {isa = PBXFileReference; lastKnownFileType = sourcecode.swift; path = LabelSettings.swift; sourceTree = "<group>"; };
		188D7A5428E5B4D700A8412B /* UILabel+Extensions.swift */ = {isa = PBXFileReference; lastKnownFileType = sourcecode.swift; path = "UILabel+Extensions.swift"; sourceTree = "<group>"; };
		188D7A5628E5B76400A8412B /* TableCellSettings.swift */ = {isa = PBXFileReference; lastKnownFileType = sourcecode.swift; path = TableCellSettings.swift; sourceTree = "<group>"; };
		188D7A5828E5B83000A8412B /* UIImageView+Extensions.swift */ = {isa = PBXFileReference; lastKnownFileType = sourcecode.swift; path = "UIImageView+Extensions.swift"; sourceTree = "<group>"; };
		188D7A5A28E5B85900A8412B /* ImageViewSettings.swift */ = {isa = PBXFileReference; lastKnownFileType = sourcecode.swift; path = ImageViewSettings.swift; sourceTree = "<group>"; };
		188D7A5C28E5C10400A8412B /* UIImage+Extensions.swift */ = {isa = PBXFileReference; lastKnownFileType = sourcecode.swift; path = "UIImage+Extensions.swift"; sourceTree = "<group>"; };
		188D7A5E28E5C34400A8412B /* OptionalData+Extensions.swift */ = {isa = PBXFileReference; lastKnownFileType = sourcecode.swift; path = "OptionalData+Extensions.swift"; sourceTree = "<group>"; };
		188D7A6028E5C3EE00A8412B /* Data+Extensions.swift */ = {isa = PBXFileReference; lastKnownFileType = sourcecode.swift; path = "Data+Extensions.swift"; sourceTree = "<group>"; };
		18BFB9F828E8726500DF0BC4 /* NewsAPIService.swift */ = {isa = PBXFileReference; lastKnownFileType = sourcecode.swift; path = NewsAPIService.swift; sourceTree = "<group>"; };
		18BFB9FA28E877E700DF0BC4 /* ImageAPIService.swift */ = {isa = PBXFileReference; lastKnownFileType = sourcecode.swift; path = ImageAPIService.swift; sourceTree = "<group>"; };
		18BFB9FE28E8828600DF0BC4 /* LoadingView.swift */ = {isa = PBXFileReference; lastKnownFileType = sourcecode.swift; path = LoadingView.swift; sourceTree = "<group>"; };
		18BFBA0028E8828D00DF0BC4 /* LoadingView.xib */ = {isa = PBXFileReference; lastKnownFileType = file.xib; path = LoadingView.xib; sourceTree = "<group>"; };
		18BFBA0228E8842F00DF0BC4 /* LoadingViewViewModel.swift */ = {isa = PBXFileReference; lastKnownFileType = sourcecode.swift; path = LoadingViewViewModel.swift; sourceTree = "<group>"; };
		18CF959C28E4D7C10079B714 /* ReachNews.app */ = {isa = PBXFileReference; explicitFileType = wrapper.application; includeInIndex = 0; path = ReachNews.app; sourceTree = BUILT_PRODUCTS_DIR; };
		18CF959F28E4D7C10079B714 /* AppDelegate.swift */ = {isa = PBXFileReference; lastKnownFileType = sourcecode.swift; path = AppDelegate.swift; sourceTree = "<group>"; };
		18CF95A128E4D7C10079B714 /* SceneDelegate.swift */ = {isa = PBXFileReference; lastKnownFileType = sourcecode.swift; path = SceneDelegate.swift; sourceTree = "<group>"; };
		18CF95A828E4D7C20079B714 /* Assets.xcassets */ = {isa = PBXFileReference; lastKnownFileType = folder.assetcatalog; path = Assets.xcassets; sourceTree = "<group>"; };
		18CF95AD28E4D7C20079B714 /* Info.plist */ = {isa = PBXFileReference; lastKnownFileType = text.plist.xml; path = Info.plist; sourceTree = "<group>"; };
		18CF95B228E4D7C20079B714 /* ReachNewsTests.xctest */ = {isa = PBXFileReference; explicitFileType = wrapper.cfbundle; includeInIndex = 0; path = ReachNewsTests.xctest; sourceTree = BUILT_PRODUCTS_DIR; };
		18CF95B628E4D7C20079B714 /* NewsListTests.swift */ = {isa = PBXFileReference; lastKnownFileType = sourcecode.swift; path = NewsListTests.swift; sourceTree = "<group>"; };
		9402B2BB2C38B97200D4B29B /* ArticleDetailUITests.xctestplan */ = {isa = PBXFileReference; lastKnownFileType = text; path = ArticleDetailUITests.xctestplan; sourceTree = SOURCE_ROOT; };
		9402B2BC2C38BF7700D4B29B /* NewsListUITests.swift */ = {isa = PBXFileReference; lastKnownFileType = sourcecode.swift; path = NewsListUITests.swift; sourceTree = "<group>"; };
		9402B2BE2C38BF9000D4B29B /* NewsDetailUITests.swift */ = {isa = PBXFileReference; lastKnownFileType = sourcecode.swift; path = NewsDetailUITests.swift; sourceTree = "<group>"; };
		9402B2C02C398E8F00D4B29B /* MockNewsAPIService.swift */ = {isa = PBXFileReference; lastKnownFileType = sourcecode.swift; path = MockNewsAPIService.swift; sourceTree = "<group>"; };
		9402B2C52C3992F100D4B29B /* MockNewsData.json */ = {isa = PBXFileReference; fileEncoding = 4; lastKnownFileType = text.json; path = MockNewsData.json; sourceTree = "<group>"; };
		9402B2C72C39B2CE00D4B29B /* MockTwentyNewsData.json */ = {isa = PBXFileReference; fileEncoding = 4; lastKnownFileType = text.json; path = MockTwentyNewsData.json; sourceTree = "<group>"; };
		940D16C92C3AD6120014CF11 /* Array+Extensions.swift */ = {isa = PBXFileReference; lastKnownFileType = sourcecode.swift; path = "Array+Extensions.swift"; sourceTree = "<group>"; };
		940D16CB2C3AF3BA0014CF11 /* MockAllTypesOfNewsData.json */ = {isa = PBXFileReference; fileEncoding = 4; lastKnownFileType = text.json; path = MockAllTypesOfNewsData.json; sourceTree = "<group>"; };
		940DC7982C46A90B001727D6 /* NewsListTableCellTests.swift */ = {isa = PBXFileReference; lastKnownFileType = sourcecode.swift; path = NewsListTableCellTests.swift; sourceTree = "<group>"; };
		940DC79A2C46CDD6001727D6 /* MockImageAPIService.swift */ = {isa = PBXFileReference; lastKnownFileType = sourcecode.swift; path = MockImageAPIService.swift; sourceTree = "<group>"; };
		940DC79C2C473287001727D6 /* MockOnlyOneNewsData.json */ = {isa = PBXFileReference; fileEncoding = 4; lastKnownFileType = text.json; path = MockOnlyOneNewsData.json; sourceTree = "<group>"; };
		DADD97602C3692CC00A3D62A /* Injection.swift */ = {isa = PBXFileReference; lastKnownFileType = sourcecode.swift; path = Injection.swift; sourceTree = "<group>"; };
		E09403C2299BBE0D00B1BA8E /* NewsDetailsUnitTests.xctestplan */ = {isa = PBXFileReference; lastKnownFileType = text; path = NewsDetailsUnitTests.xctestplan; sourceTree = "<group>"; };
		E09403C3299BBE4800B1BA8E /* NewsListUnitTests.xctestplan */ = {isa = PBXFileReference; lastKnownFileType = text; path = NewsListUnitTests.xctestplan; sourceTree = "<group>"; };
		E09403C5299BC33600B1BA8E /* UIFont+Extensions.swift */ = {isa = PBXFileReference; lastKnownFileType = sourcecode.swift; path = "UIFont+Extensions.swift"; sourceTree = "<group>"; };
		E09403C7299BDBE600B1BA8E /* README.md */ = {isa = PBXFileReference; fileEncoding = 4; lastKnownFileType = net.daringfireball.markdown; path = README.md; sourceTree = "<group>"; };
		E09403CD299BDC8B00B1BA8E /* ReachNewsUITests.xctest */ = {isa = PBXFileReference; explicitFileType = wrapper.cfbundle; includeInIndex = 0; path = ReachNewsUITests.xctest; sourceTree = BUILT_PRODUCTS_DIR; };
		E09403CF299BDC8B00B1BA8E /* ReachNewsUITests.swift */ = {isa = PBXFileReference; lastKnownFileType = sourcecode.swift; path = ReachNewsUITests.swift; sourceTree = "<group>"; };
		E09403D1299BDC8B00B1BA8E /* ReachNewsUITestsLaunchTests.swift */ = {isa = PBXFileReference; lastKnownFileType = sourcecode.swift; path = ReachNewsUITestsLaunchTests.swift; sourceTree = "<group>"; };
		E09403D8299BDCCE00B1BA8E /* ArticleListUITests.xctestplan */ = {isa = PBXFileReference; lastKnownFileType = text; path = ArticleListUITests.xctestplan; sourceTree = "<group>"; };
/* End PBXFileReference section */

/* Begin PBXFrameworksBuildPhase section */
		18CF959928E4D7C00079B714 /* Frameworks */ = {
			isa = PBXFrameworksBuildPhase;
			buildActionMask = 2147483647;
			files = (
			);
			runOnlyForDeploymentPostprocessing = 0;
		};
		18CF95AF28E4D7C20079B714 /* Frameworks */ = {
			isa = PBXFrameworksBuildPhase;
			buildActionMask = 2147483647;
			files = (
			);
			runOnlyForDeploymentPostprocessing = 0;
		};
		E09403CA299BDC8B00B1BA8E /* Frameworks */ = {
			isa = PBXFrameworksBuildPhase;
			buildActionMask = 2147483647;
			files = (
			);
			runOnlyForDeploymentPostprocessing = 0;
		};
/* End PBXFrameworksBuildPhase section */

/* Begin PBXGroup section */
		18066B4428E4D943002FF737 /* Support */ = {
			isa = PBXGroup;
			children = (
				18CF95AD28E4D7C20079B714 /* Info.plist */,
				18CF95A828E4D7C20079B714 /* Assets.xcassets */,
				18CF959F28E4D7C10079B714 /* AppDelegate.swift */,
				18CF95A128E4D7C10079B714 /* SceneDelegate.swift */,
				18CF95AA28E4D7C20079B714 /* LaunchScreen.storyboard */,
				18066B6F28E4FB57002FF737 /* Localizable.strings */,
				18066B7028E4FBC1002FF737 /* Public.swift */,
			);
			path = Support;
			sourceTree = "<group>";
		};
		18066B4528E4D9EC002FF737 /* News List */ = {
			isa = PBXGroup;
			children = (
				18066B7228E50941002FF737 /* NewsCell */,
				18066B4628E4DA32002FF737 /* NewsListViewController.swift */,
				18066B4728E4DA32002FF737 /* NewsListViewController.xib */,
				18066B4F28E4DB2C002FF737 /* NewsListViewModel.swift */,
			);
			path = "News List";
			sourceTree = "<group>";
		};
		18066B4A28E4DA47002FF737 /* Base */ = {
			isa = PBXGroup;
			children = (
				18066B4B28E4DA5D002FF737 /* BaseViewController.swift */,
				18066B4D28E4DA79002FF737 /* BaseViewModel.swift */,
			);
			path = Base;
			sourceTree = "<group>";
		};
		18066B5128E4DB95002FF737 /* Models */ = {
			isa = PBXGroup;
			children = (
				188D7A5128E5B18200A8412B /* Component Settings */,
				18066B5228E4DBA2002FF737 /* API.swift */,
				18066B5428E4DBB6002FF737 /* RequestType.swift */,
				18066B5F28E4E274002FF737 /* News */,
			);
			path = Models;
			sourceTree = "<group>";
		};
		18066B5628E4DC41002FF737 /* Views */ = {
			isa = PBXGroup;
			children = (
				18BFB9FC28E8826100DF0BC4 /* Components */,
				18066B4A28E4DA47002FF737 /* Base */,
				18066B4528E4D9EC002FF737 /* News List */,
				18066B8528E529DF002FF737 /* News Details */,
			);
			path = Views;
			sourceTree = "<group>";
		};
		18066B5728E4DC6C002FF737 /* Extensions */ = {
			isa = PBXGroup;
			children = (
				18066B5828E4DCB9002FF737 /* UIViewController+Extensions.swift */,
				18066B7728E509A5002FF737 /* UITableViewCell+Extensions.swift */,
				188D7A5428E5B4D700A8412B /* UILabel+Extensions.swift */,
				188D7A5828E5B83000A8412B /* UIImageView+Extensions.swift */,
				188D7A5C28E5C10400A8412B /* UIImage+Extensions.swift */,
				18066B5D28E4DE81002FF737 /* NSError+Extensions.swift */,
				18066B7B28E50BEE002FF737 /* Array+Extensions.swift */,
				18066B8C28E52FB3002FF737 /* String+Extensions.swift */,
				E09403C5299BC33600B1BA8E /* UIFont+Extensions.swift */,
				18066B7D28E50CF9002FF737 /* OptionalString+Extensions.swift */,
				188D7A6028E5C3EE00A8412B /* Data+Extensions.swift */,
				188D7A5E28E5C34400A8412B /* OptionalData+Extensions.swift */,
			);
			path = Extensions;
			sourceTree = "<group>";
		};
		18066B5A28E4DE3E002FF737 /* Mechanism */ = {
			isa = PBXGroup;
			children = (
				18066B5B28E4DE56002FF737 /* Request.swift */,
			);
			path = Mechanism;
			sourceTree = "<group>";
		};
		18066B5F28E4E274002FF737 /* News */ = {
			isa = PBXGroup;
			children = (
				18066B6028E4E28A002FF737 /* NewsServiceOutput.swift */,
				18066B6228E4E362002FF737 /* Article.swift */,
				18066B6428E4E847002FF737 /* Content.swift */,
				18066B6628E4EF34002FF737 /* ContentAttribute.swift */,
			);
			path = News;
			sourceTree = "<group>";
		};
		18066B7228E50941002FF737 /* NewsCell */ = {
			isa = PBXGroup;
			children = (
				18066B7328E50955002FF737 /* NewsTableCell.swift */,
				18066B7428E50955002FF737 /* NewsTableCell.xib */,
				18066B7928E50B21002FF737 /* NewsTableCellViewModel.swift */,
			);
			path = NewsCell;
			sourceTree = "<group>";
		};
		18066B8528E529DF002FF737 /* News Details */ = {
			isa = PBXGroup;
			children = (
				18066B8628E52A00002FF737 /* NewsDetailsViewController.swift */,
				18066B8728E52A00002FF737 /* NewsDetailsViewController.xib */,
				18066B8A28E52A22002FF737 /* NewsDetailsViewModel.swift */,
			);
			path = "News Details";
			sourceTree = "<group>";
		};
		188D7A5128E5B18200A8412B /* Component Settings */ = {
			isa = PBXGroup;
			children = (
				188D7A5228E5B19500A8412B /* LabelSettings.swift */,
				188D7A5628E5B76400A8412B /* TableCellSettings.swift */,
				188D7A5A28E5B85900A8412B /* ImageViewSettings.swift */,
			);
			path = "Component Settings";
			sourceTree = "<group>";
		};
		18BFB9F728E8723900DF0BC4 /* Services */ = {
			isa = PBXGroup;
			children = (
				18BFB9F828E8726500DF0BC4 /* NewsAPIService.swift */,
				18BFB9FA28E877E700DF0BC4 /* ImageAPIService.swift */,
			);
			path = Services;
			sourceTree = "<group>";
		};
		18BFB9FC28E8826100DF0BC4 /* Components */ = {
			isa = PBXGroup;
			children = (
				18BFB9FD28E8826B00DF0BC4 /* LoadingView */,
			);
			path = Components;
			sourceTree = "<group>";
		};
		18BFB9FD28E8826B00DF0BC4 /* LoadingView */ = {
			isa = PBXGroup;
			children = (
				18BFB9FE28E8828600DF0BC4 /* LoadingView.swift */,
				18BFBA0028E8828D00DF0BC4 /* LoadingView.xib */,
				18BFBA0228E8842F00DF0BC4 /* LoadingViewViewModel.swift */,
			);
			path = LoadingView;
			sourceTree = "<group>";
		};
		18CF959328E4D7C00079B714 = {
			isa = PBXGroup;
			children = (
				E09403C7299BDBE600B1BA8E /* README.md */,
				E09403C4299BBF9400B1BA8E /* TestPlans */,
				18CF959E28E4D7C10079B714 /* ReachNews */,
				18CF95B528E4D7C20079B714 /* ReachNewsTests */,
				E09403CE299BDC8B00B1BA8E /* ReachNewsUITests */,
				18CF959D28E4D7C10079B714 /* Products */,
			);
			sourceTree = "<group>";
		};
		18CF959D28E4D7C10079B714 /* Products */ = {
			isa = PBXGroup;
			children = (
				18CF959C28E4D7C10079B714 /* ReachNews.app */,
				18CF95B228E4D7C20079B714 /* ReachNewsTests.xctest */,
				E09403CD299BDC8B00B1BA8E /* ReachNewsUITests.xctest */,
			);
			name = Products;
			sourceTree = "<group>";
		};
		18CF959E28E4D7C10079B714 /* ReachNews */ = {
			isa = PBXGroup;
			children = (
				9402B2C22C398EF000D4B29B /* Mock */,
				DADD975F2C3692B400A3D62A /* Injection */,
				18066B4428E4D943002FF737 /* Support */,
				18066B5728E4DC6C002FF737 /* Extensions */,
				18066B5A28E4DE3E002FF737 /* Mechanism */,
				18BFB9F728E8723900DF0BC4 /* Services */,
				18066B5128E4DB95002FF737 /* Models */,
				18066B5628E4DC41002FF737 /* Views */,
			);
			path = ReachNews;
			sourceTree = "<group>";
		};
		18CF95B528E4D7C20079B714 /* ReachNewsTests */ = {
			isa = PBXGroup;
			children = (
				18CF95B628E4D7C20079B714 /* NewsListTests.swift */,
				183839B928E61EF2009D9204 /* NewsDetailsTests.swift */,
				940DC7982C46A90B001727D6 /* NewsListTableCellTests.swift */,
			);
			path = ReachNewsTests;
			sourceTree = "<group>";
		};
		9402B2C22C398EF000D4B29B /* Mock */ = {
			isa = PBXGroup;
			children = (
				940DC79A2C46CDD6001727D6 /* MockImageAPIService.swift */,
				9402B2C02C398E8F00D4B29B /* MockNewsAPIService.swift */,
				9402B2C52C3992F100D4B29B /* MockNewsData.json */,
				9402B2C72C39B2CE00D4B29B /* MockTwentyNewsData.json */,
				940D16CB2C3AF3BA0014CF11 /* MockAllTypesOfNewsData.json */,
				940DC79C2C473287001727D6 /* MockOnlyOneNewsData.json */,
			);
			path = Mock;
			sourceTree = "<group>";
		};
		940D16C82C3AD5C50014CF11 /* Helpers */ = {
			isa = PBXGroup;
			children = (
				940D16C92C3AD6120014CF11 /* Array+Extensions.swift */,
			);
			path = Helpers;
			sourceTree = "<group>";
		};
		DADD975F2C3692B400A3D62A /* Injection */ = {
			isa = PBXGroup;
			children = (
				DADD97602C3692CC00A3D62A /* Injection.swift */,
			);
			path = Injection;
			sourceTree = "<group>";
		};
		E09403C4299BBF9400B1BA8E /* TestPlans */ = {
			isa = PBXGroup;
			children = (
				E09403C2299BBE0D00B1BA8E /* NewsDetailsUnitTests.xctestplan */,
				E09403C3299BBE4800B1BA8E /* NewsListUnitTests.xctestplan */,
				E09403D8299BDCCE00B1BA8E /* ArticleListUITests.xctestplan */,
				9402B2BB2C38B97200D4B29B /* ArticleDetailUITests.xctestplan */,
			);
			path = TestPlans;
			sourceTree = "<group>";
		};
		E09403CE299BDC8B00B1BA8E /* ReachNewsUITests */ = {
			isa = PBXGroup;
			children = (
				E09403CF299BDC8B00B1BA8E /* ReachNewsUITests.swift */,
				E09403D1299BDC8B00B1BA8E /* ReachNewsUITestsLaunchTests.swift */,
				9402B2BC2C38BF7700D4B29B /* NewsListUITests.swift */,
				9402B2BE2C38BF9000D4B29B /* NewsDetailUITests.swift */,
				940D16C82C3AD5C50014CF11 /* Helpers */,
			);
			path = ReachNewsUITests;
			sourceTree = "<group>";
		};
/* End PBXGroup section */

/* Begin PBXNativeTarget section */
		18CF959B28E4D7C00079B714 /* ReachNews */ = {
			isa = PBXNativeTarget;
			buildConfigurationList = 18CF95C628E4D7C20079B714 /* Build configuration list for PBXNativeTarget "ReachNews" */;
			buildPhases = (
				18CF959828E4D7C00079B714 /* Sources */,
				18CF959928E4D7C00079B714 /* Frameworks */,
				18CF959A28E4D7C00079B714 /* Resources */,
			);
			buildRules = (
			);
			dependencies = (
			);
			name = ReachNews;
			productName = ReachNews;
			productReference = 18CF959C28E4D7C10079B714 /* ReachNews.app */;
			productType = "com.apple.product-type.application";
		};
		18CF95B128E4D7C20079B714 /* ReachNewsTests */ = {
			isa = PBXNativeTarget;
			buildConfigurationList = 18CF95C928E4D7C20079B714 /* Build configuration list for PBXNativeTarget "ReachNewsTests" */;
			buildPhases = (
				18CF95AE28E4D7C20079B714 /* Sources */,
				18CF95AF28E4D7C20079B714 /* Frameworks */,
				18CF95B028E4D7C20079B714 /* Resources */,
			);
			buildRules = (
			);
			dependencies = (
				18CF95B428E4D7C20079B714 /* PBXTargetDependency */,
			);
			name = ReachNewsTests;
			productName = ReachNewsTests;
			productReference = 18CF95B228E4D7C20079B714 /* ReachNewsTests.xctest */;
			productType = "com.apple.product-type.bundle.unit-test";
		};
		E09403CC299BDC8B00B1BA8E /* ReachNewsUITests */ = {
			isa = PBXNativeTarget;
			buildConfigurationList = E09403D5299BDC8B00B1BA8E /* Build configuration list for PBXNativeTarget "ReachNewsUITests" */;
			buildPhases = (
				E09403C9299BDC8B00B1BA8E /* Sources */,
				E09403CA299BDC8B00B1BA8E /* Frameworks */,
				E09403CB299BDC8B00B1BA8E /* Resources */,
			);
			buildRules = (
			);
			dependencies = (
				E09403D4299BDC8B00B1BA8E /* PBXTargetDependency */,
			);
			name = ReachNewsUITests;
			productName = ReachNewsUITests;
			productReference = E09403CD299BDC8B00B1BA8E /* ReachNewsUITests.xctest */;
			productType = "com.apple.product-type.bundle.ui-testing";
		};
/* End PBXNativeTarget section */

/* Begin PBXProject section */
		18CF959428E4D7C00079B714 /* Project object */ = {
			isa = PBXProject;
			attributes = {
				BuildIndependentTargetsInParallel = 1;
				LastSwiftUpdateCheck = 1420;
				LastUpgradeCheck = 1340;
				ORGANIZATIONNAME = "Reach Plc";
				TargetAttributes = {
					18CF959B28E4D7C00079B714 = {
						CreatedOnToolsVersion = 13.4.1;
					};
					18CF95B128E4D7C20079B714 = {
						CreatedOnToolsVersion = 13.4.1;
						TestTargetID = 18CF959B28E4D7C00079B714;
					};
					E09403CC299BDC8B00B1BA8E = {
						CreatedOnToolsVersion = 14.2;
						TestTargetID = 18CF959B28E4D7C00079B714;
					};
				};
			};
			buildConfigurationList = 18CF959728E4D7C00079B714 /* Build configuration list for PBXProject "ReachNews" */;
			compatibilityVersion = "Xcode 13.0";
			developmentRegion = en;
			hasScannedForEncodings = 0;
			knownRegions = (
				en,
			);
			mainGroup = 18CF959328E4D7C00079B714;
			productRefGroup = 18CF959D28E4D7C10079B714 /* Products */;
			projectDirPath = "";
			projectRoot = "";
			targets = (
				18CF959B28E4D7C00079B714 /* ReachNews */,
				18CF95B128E4D7C20079B714 /* ReachNewsTests */,
				E09403CC299BDC8B00B1BA8E /* ReachNewsUITests */,
			);
		};
/* End PBXProject section */

/* Begin PBXResourcesBuildPhase section */
		18CF959A28E4D7C00079B714 /* Resources */ = {
			isa = PBXResourcesBuildPhase;
			buildActionMask = 2147483647;
			files = (
				18066B8928E52A00002FF737 /* NewsDetailsViewController.xib in Resources */,
				18CF95AC28E4D7C20079B714 /* LaunchScreen.storyboard in Resources */,
				18066B6D28E4FB57002FF737 /* Localizable.strings in Resources */,
				18066B7628E50955002FF737 /* NewsTableCell.xib in Resources */,
				18BFBA0128E8828D00DF0BC4 /* LoadingView.xib in Resources */,
				940DC79D2C473287001727D6 /* MockOnlyOneNewsData.json in Resources */,
				9402B2C82C39B2CE00D4B29B /* MockTwentyNewsData.json in Resources */,
				18CF95A928E4D7C20079B714 /* Assets.xcassets in Resources */,
				9402B2C62C3992F100D4B29B /* MockNewsData.json in Resources */,
				940D16CC2C3AF3BA0014CF11 /* MockAllTypesOfNewsData.json in Resources */,
				E09403C8299BDBE600B1BA8E /* README.md in Resources */,
				18066B4928E4DA32002FF737 /* NewsListViewController.xib in Resources */,
			);
			runOnlyForDeploymentPostprocessing = 0;
		};
		18CF95B028E4D7C20079B714 /* Resources */ = {
			isa = PBXResourcesBuildPhase;
			buildActionMask = 2147483647;
			files = (
			);
			runOnlyForDeploymentPostprocessing = 0;
		};
		E09403CB299BDC8B00B1BA8E /* Resources */ = {
			isa = PBXResourcesBuildPhase;
			buildActionMask = 2147483647;
			files = (
			);
			runOnlyForDeploymentPostprocessing = 0;
		};
/* End PBXResourcesBuildPhase section */

/* Begin PBXSourcesBuildPhase section */
		18CF959828E4D7C00079B714 /* Sources */ = {
			isa = PBXSourcesBuildPhase;
			buildActionMask = 2147483647;
			files = (
				18066B6328E4E362002FF737 /* Article.swift in Sources */,
				18066B5928E4DCB9002FF737 /* UIViewController+Extensions.swift in Sources */,
				18BFBA0328E8842F00DF0BC4 /* LoadingViewViewModel.swift in Sources */,
				188D7A5F28E5C34400A8412B /* OptionalData+Extensions.swift in Sources */,
				18066B6128E4E28A002FF737 /* NewsServiceOutput.swift in Sources */,
				18BFB9FB28E877E700DF0BC4 /* ImageAPIService.swift in Sources */,
				18066B4C28E4DA5D002FF737 /* BaseViewController.swift in Sources */,
				188D7A6128E5C3EE00A8412B /* Data+Extensions.swift in Sources */,
				18066B8D28E52FB3002FF737 /* String+Extensions.swift in Sources */,
				18066B5028E4DB2C002FF737 /* NewsListViewModel.swift in Sources */,
				18CF95A028E4D7C10079B714 /* AppDelegate.swift in Sources */,
				18066B7A28E50B21002FF737 /* NewsTableCellViewModel.swift in Sources */,
				18BFB9F928E8726500DF0BC4 /* NewsAPIService.swift in Sources */,
				18066B7128E4FBC1002FF737 /* Public.swift in Sources */,
				18CF95A228E4D7C10079B714 /* SceneDelegate.swift in Sources */,
				18066B7828E509A5002FF737 /* UITableViewCell+Extensions.swift in Sources */,
				E09403C6299BC33600B1BA8E /* UIFont+Extensions.swift in Sources */,
				188D7A5B28E5B85900A8412B /* ImageViewSettings.swift in Sources */,
				18066B6728E4EF34002FF737 /* ContentAttribute.swift in Sources */,
				18066B8B28E52A22002FF737 /* NewsDetailsViewModel.swift in Sources */,
				940DC79B2C46CDD6001727D6 /* MockImageAPIService.swift in Sources */,
				18066B7C28E50BEE002FF737 /* Array+Extensions.swift in Sources */,
				18066B7E28E50CF9002FF737 /* OptionalString+Extensions.swift in Sources */,
				188D7A5728E5B76400A8412B /* TableCellSettings.swift in Sources */,
				18066B4828E4DA32002FF737 /* NewsListViewController.swift in Sources */,
				9402B2C12C398E8F00D4B29B /* MockNewsAPIService.swift in Sources */,
				18066B6528E4E847002FF737 /* Content.swift in Sources */,
				18066B5328E4DBA2002FF737 /* API.swift in Sources */,
				18066B5C28E4DE56002FF737 /* Request.swift in Sources */,
				18066B7528E50955002FF737 /* NewsTableCell.swift in Sources */,
				18066B8828E52A00002FF737 /* NewsDetailsViewController.swift in Sources */,
				188D7A5928E5B83000A8412B /* UIImageView+Extensions.swift in Sources */,
				18066B4E28E4DA79002FF737 /* BaseViewModel.swift in Sources */,
				18066B5528E4DBB6002FF737 /* RequestType.swift in Sources */,
				188D7A5328E5B19500A8412B /* LabelSettings.swift in Sources */,
				188D7A5D28E5C10400A8412B /* UIImage+Extensions.swift in Sources */,
				18066B5E28E4DE81002FF737 /* NSError+Extensions.swift in Sources */,
				18BFB9FF28E8828600DF0BC4 /* LoadingView.swift in Sources */,
				188D7A5528E5B4D700A8412B /* UILabel+Extensions.swift in Sources */,
				DADD97612C3692CD00A3D62A /* Injection.swift in Sources */,
			);
			runOnlyForDeploymentPostprocessing = 0;
		};
		18CF95AE28E4D7C20079B714 /* Sources */ = {
			isa = PBXSourcesBuildPhase;
			buildActionMask = 2147483647;
			files = (
				18CF95B728E4D7C20079B714 /* NewsListTests.swift in Sources */,
				183839BA28E61EF2009D9204 /* NewsDetailsTests.swift in Sources */,
				940DC7992C46A90B001727D6 /* NewsListTableCellTests.swift in Sources */,
			);
			runOnlyForDeploymentPostprocessing = 0;
		};
		E09403C9299BDC8B00B1BA8E /* Sources */ = {
			isa = PBXSourcesBuildPhase;
			buildActionMask = 2147483647;
			files = (
				940D16CA2C3AD6120014CF11 /* Array+Extensions.swift in Sources */,
				E09403D0299BDC8B00B1BA8E /* ReachNewsUITests.swift in Sources */,
				E09403D2299BDC8B00B1BA8E /* ReachNewsUITestsLaunchTests.swift in Sources */,
				9402B2BD2C38BF7700D4B29B /* NewsListUITests.swift in Sources */,
				9402B2BF2C38BF9000D4B29B /* NewsDetailUITests.swift in Sources */,
			);
			runOnlyForDeploymentPostprocessing = 0;
		};
/* End PBXSourcesBuildPhase section */

/* Begin PBXTargetDependency section */
		18CF95B428E4D7C20079B714 /* PBXTargetDependency */ = {
			isa = PBXTargetDependency;
			target = 18CF959B28E4D7C00079B714 /* ReachNews */;
			targetProxy = 18CF95B328E4D7C20079B714 /* PBXContainerItemProxy */;
		};
		E09403D4299BDC8B00B1BA8E /* PBXTargetDependency */ = {
			isa = PBXTargetDependency;
			target = 18CF959B28E4D7C00079B714 /* ReachNews */;
			targetProxy = E09403D3299BDC8B00B1BA8E /* PBXContainerItemProxy */;
		};
/* End PBXTargetDependency section */

/* Begin PBXVariantGroup section */
		18066B6F28E4FB57002FF737 /* Localizable.strings */ = {
			isa = PBXVariantGroup;
			children = (
				18066B6E28E4FB57002FF737 /* en */,
			);
			name = Localizable.strings;
			sourceTree = "<group>";
		};
		18CF95AA28E4D7C20079B714 /* LaunchScreen.storyboard */ = {
			isa = PBXVariantGroup;
			children = (
				18066B6C28E4FB50002FF737 /* en */,
			);
			name = LaunchScreen.storyboard;
			sourceTree = "<group>";
		};
/* End PBXVariantGroup section */

/* Begin XCBuildConfiguration section */
		18CF95C428E4D7C20079B714 /* Debug */ = {
			isa = XCBuildConfiguration;
			buildSettings = {
				ALWAYS_SEARCH_USER_PATHS = NO;
				CLANG_ANALYZER_NONNULL = YES;
				CLANG_ANALYZER_NUMBER_OBJECT_CONVERSION = YES_AGGRESSIVE;
				CLANG_CXX_LANGUAGE_STANDARD = "gnu++17";
				CLANG_ENABLE_MODULES = YES;
				CLANG_ENABLE_OBJC_ARC = YES;
				CLANG_ENABLE_OBJC_WEAK = YES;
				CLANG_WARN_BLOCK_CAPTURE_AUTORELEASING = YES;
				CLANG_WARN_BOOL_CONVERSION = YES;
				CLANG_WARN_COMMA = YES;
				CLANG_WARN_CONSTANT_CONVERSION = YES;
				CLANG_WARN_DEPRECATED_OBJC_IMPLEMENTATIONS = YES;
				CLANG_WARN_DIRECT_OBJC_ISA_USAGE = YES_ERROR;
				CLANG_WARN_DOCUMENTATION_COMMENTS = YES;
				CLANG_WARN_EMPTY_BODY = YES;
				CLANG_WARN_ENUM_CONVERSION = YES;
				CLANG_WARN_INFINITE_RECURSION = YES;
				CLANG_WARN_INT_CONVERSION = YES;
				CLANG_WARN_NON_LITERAL_NULL_CONVERSION = YES;
				CLANG_WARN_OBJC_IMPLICIT_RETAIN_SELF = YES;
				CLANG_WARN_OBJC_LITERAL_CONVERSION = YES;
				CLANG_WARN_OBJC_ROOT_CLASS = YES_ERROR;
				CLANG_WARN_QUOTED_INCLUDE_IN_FRAMEWORK_HEADER = YES;
				CLANG_WARN_RANGE_LOOP_ANALYSIS = YES;
				CLANG_WARN_STRICT_PROTOTYPES = YES;
				CLANG_WARN_SUSPICIOUS_MOVE = YES;
				CLANG_WARN_UNGUARDED_AVAILABILITY = YES_AGGRESSIVE;
				CLANG_WARN_UNREACHABLE_CODE = YES;
				CLANG_WARN__DUPLICATE_METHOD_MATCH = YES;
				COPY_PHASE_STRIP = NO;
				DEBUG_INFORMATION_FORMAT = dwarf;
				ENABLE_STRICT_OBJC_MSGSEND = YES;
				ENABLE_TESTABILITY = YES;
				GCC_C_LANGUAGE_STANDARD = gnu11;
				GCC_DYNAMIC_NO_PIC = NO;
				GCC_NO_COMMON_BLOCKS = YES;
				GCC_OPTIMIZATION_LEVEL = 0;
				GCC_PREPROCESSOR_DEFINITIONS = (
					"DEBUG=1",
					"$(inherited)",
				);
				GCC_WARN_64_TO_32_BIT_CONVERSION = YES;
				GCC_WARN_ABOUT_RETURN_TYPE = YES_ERROR;
				GCC_WARN_UNDECLARED_SELECTOR = YES;
				GCC_WARN_UNINITIALIZED_AUTOS = YES_AGGRESSIVE;
				GCC_WARN_UNUSED_FUNCTION = YES;
				GCC_WARN_UNUSED_VARIABLE = YES;
				IPHONEOS_DEPLOYMENT_TARGET = 15.5;
				MTL_ENABLE_DEBUG_INFO = INCLUDE_SOURCE;
				MTL_FAST_MATH = YES;
				ONLY_ACTIVE_ARCH = YES;
				SDKROOT = iphoneos;
				SWIFT_ACTIVE_COMPILATION_CONDITIONS = DEBUG;
				SWIFT_OPTIMIZATION_LEVEL = "-Onone";
			};
			name = Debug;
		};
		18CF95C528E4D7C20079B714 /* Release */ = {
			isa = XCBuildConfiguration;
			buildSettings = {
				ALWAYS_SEARCH_USER_PATHS = NO;
				CLANG_ANALYZER_NONNULL = YES;
				CLANG_ANALYZER_NUMBER_OBJECT_CONVERSION = YES_AGGRESSIVE;
				CLANG_CXX_LANGUAGE_STANDARD = "gnu++17";
				CLANG_ENABLE_MODULES = YES;
				CLANG_ENABLE_OBJC_ARC = YES;
				CLANG_ENABLE_OBJC_WEAK = YES;
				CLANG_WARN_BLOCK_CAPTURE_AUTORELEASING = YES;
				CLANG_WARN_BOOL_CONVERSION = YES;
				CLANG_WARN_COMMA = YES;
				CLANG_WARN_CONSTANT_CONVERSION = YES;
				CLANG_WARN_DEPRECATED_OBJC_IMPLEMENTATIONS = YES;
				CLANG_WARN_DIRECT_OBJC_ISA_USAGE = YES_ERROR;
				CLANG_WARN_DOCUMENTATION_COMMENTS = YES;
				CLANG_WARN_EMPTY_BODY = YES;
				CLANG_WARN_ENUM_CONVERSION = YES;
				CLANG_WARN_INFINITE_RECURSION = YES;
				CLANG_WARN_INT_CONVERSION = YES;
				CLANG_WARN_NON_LITERAL_NULL_CONVERSION = YES;
				CLANG_WARN_OBJC_IMPLICIT_RETAIN_SELF = YES;
				CLANG_WARN_OBJC_LITERAL_CONVERSION = YES;
				CLANG_WARN_OBJC_ROOT_CLASS = YES_ERROR;
				CLANG_WARN_QUOTED_INCLUDE_IN_FRAMEWORK_HEADER = YES;
				CLANG_WARN_RANGE_LOOP_ANALYSIS = YES;
				CLANG_WARN_STRICT_PROTOTYPES = YES;
				CLANG_WARN_SUSPICIOUS_MOVE = YES;
				CLANG_WARN_UNGUARDED_AVAILABILITY = YES_AGGRESSIVE;
				CLANG_WARN_UNREACHABLE_CODE = YES;
				CLANG_WARN__DUPLICATE_METHOD_MATCH = YES;
				COPY_PHASE_STRIP = NO;
				DEBUG_INFORMATION_FORMAT = "dwarf-with-dsym";
				ENABLE_NS_ASSERTIONS = NO;
				ENABLE_STRICT_OBJC_MSGSEND = YES;
				GCC_C_LANGUAGE_STANDARD = gnu11;
				GCC_NO_COMMON_BLOCKS = YES;
				GCC_WARN_64_TO_32_BIT_CONVERSION = YES;
				GCC_WARN_ABOUT_RETURN_TYPE = YES_ERROR;
				GCC_WARN_UNDECLARED_SELECTOR = YES;
				GCC_WARN_UNINITIALIZED_AUTOS = YES_AGGRESSIVE;
				GCC_WARN_UNUSED_FUNCTION = YES;
				GCC_WARN_UNUSED_VARIABLE = YES;
				IPHONEOS_DEPLOYMENT_TARGET = 15.5;
				MTL_ENABLE_DEBUG_INFO = NO;
				MTL_FAST_MATH = YES;
				SDKROOT = iphoneos;
				SWIFT_COMPILATION_MODE = wholemodule;
				SWIFT_OPTIMIZATION_LEVEL = "-O";
				VALIDATE_PRODUCT = YES;
			};
			name = Release;
		};
		18CF95C728E4D7C20079B714 /* Debug */ = {
			isa = XCBuildConfiguration;
			buildSettings = {
				ASSETCATALOG_COMPILER_APPICON_NAME = AppIcon;
				ASSETCATALOG_COMPILER_GLOBAL_ACCENT_COLOR_NAME = AccentColor;
				CODE_SIGN_STYLE = Automatic;
				CURRENT_PROJECT_VERSION = 1;
				DEVELOPMENT_TEAM = "";
				GENERATE_INFOPLIST_FILE = YES;
				INFOPLIST_FILE = ReachNews/Support/Info.plist;
				INFOPLIST_KEY_UIApplicationSupportsIndirectInputEvents = YES;
				INFOPLIST_KEY_UILaunchStoryboardName = LaunchScreen;
				INFOPLIST_KEY_UISupportedInterfaceOrientations = UIInterfaceOrientationPortrait;
				INFOPLIST_KEY_UISupportedInterfaceOrientations_iPad = "UIInterfaceOrientationPortrait UIInterfaceOrientationPortraitUpsideDown UIInterfaceOrientationLandscapeLeft UIInterfaceOrientationLandscapeRight";
				INFOPLIST_KEY_UISupportedInterfaceOrientations_iPhone = "UIInterfaceOrientationPortrait UIInterfaceOrientationLandscapeLeft UIInterfaceOrientationLandscapeRight";
				LD_RUNPATH_SEARCH_PATHS = (
					"$(inherited)",
					"@executable_path/Frameworks",
				);
				MARKETING_VERSION = 1.0;
				PRODUCT_BUNDLE_IDENTIFIER = "qa-ios-tech-test.ReachNews";
				PRODUCT_NAME = "$(TARGET_NAME)";
				SWIFT_EMIT_LOC_STRINGS = YES;
				SWIFT_VERSION = 5.0;
				TARGETED_DEVICE_FAMILY = 1;
			};
			name = Debug;
		};
		18CF95C828E4D7C20079B714 /* Release */ = {
			isa = XCBuildConfiguration;
			buildSettings = {
				ASSETCATALOG_COMPILER_APPICON_NAME = AppIcon;
				ASSETCATALOG_COMPILER_GLOBAL_ACCENT_COLOR_NAME = AccentColor;
				CODE_SIGN_STYLE = Automatic;
				CURRENT_PROJECT_VERSION = 1;
				DEVELOPMENT_TEAM = "";
				GENERATE_INFOPLIST_FILE = YES;
				INFOPLIST_FILE = ReachNews/Support/Info.plist;
				INFOPLIST_KEY_UIApplicationSupportsIndirectInputEvents = YES;
				INFOPLIST_KEY_UILaunchStoryboardName = LaunchScreen;
				INFOPLIST_KEY_UISupportedInterfaceOrientations = UIInterfaceOrientationPortrait;
				INFOPLIST_KEY_UISupportedInterfaceOrientations_iPad = "UIInterfaceOrientationPortrait UIInterfaceOrientationPortraitUpsideDown UIInterfaceOrientationLandscapeLeft UIInterfaceOrientationLandscapeRight";
				INFOPLIST_KEY_UISupportedInterfaceOrientations_iPhone = "UIInterfaceOrientationPortrait UIInterfaceOrientationLandscapeLeft UIInterfaceOrientationLandscapeRight";
				LD_RUNPATH_SEARCH_PATHS = (
					"$(inherited)",
					"@executable_path/Frameworks",
				);
				MARKETING_VERSION = 1.0;
				PRODUCT_BUNDLE_IDENTIFIER = "qa-ios-tech-test.ReachNews";
				PRODUCT_NAME = "$(TARGET_NAME)";
				SWIFT_EMIT_LOC_STRINGS = YES;
				SWIFT_VERSION = 5.0;
				TARGETED_DEVICE_FAMILY = 1;
			};
			name = Release;
		};
		18CF95CA28E4D7C20079B714 /* Debug */ = {
			isa = XCBuildConfiguration;
			buildSettings = {
				ALWAYS_EMBED_SWIFT_STANDARD_LIBRARIES = YES;
				BUNDLE_LOADER = "$(TEST_HOST)";
				CODE_SIGN_IDENTITY = "Apple Development";
				CODE_SIGN_STYLE = Automatic;
				CURRENT_PROJECT_VERSION = 1;
				DEVELOPMENT_TEAM = "";
				GENERATE_INFOPLIST_FILE = YES;
				IPHONEOS_DEPLOYMENT_TARGET = 15.5;
				MARKETING_VERSION = 1.0;
				PRODUCT_BUNDLE_IDENTIFIER = "qa-ios-tech-test.ReachNewsTests";
				PRODUCT_NAME = "$(TARGET_NAME)";
				PROVISIONING_PROFILE_SPECIFIER = "";
				SWIFT_EMIT_LOC_STRINGS = NO;
				SWIFT_VERSION = 5.0;
				TARGETED_DEVICE_FAMILY = "1,2";
				TEST_HOST = "$(BUILT_PRODUCTS_DIR)/ReachNews.app/ReachNews";
			};
			name = Debug;
		};
		18CF95CB28E4D7C20079B714 /* Release */ = {
			isa = XCBuildConfiguration;
			buildSettings = {
				ALWAYS_EMBED_SWIFT_STANDARD_LIBRARIES = YES;
				BUNDLE_LOADER = "$(TEST_HOST)";
				CODE_SIGN_IDENTITY = "Apple Development";
				CODE_SIGN_STYLE = Automatic;
				CURRENT_PROJECT_VERSION = 1;
				DEVELOPMENT_TEAM = "";
				GENERATE_INFOPLIST_FILE = YES;
				IPHONEOS_DEPLOYMENT_TARGET = 15.5;
				MARKETING_VERSION = 1.0;
				PRODUCT_BUNDLE_IDENTIFIER = "qa-ios-tech-test.ReachNewsTests";
				PRODUCT_NAME = "$(TARGET_NAME)";
				PROVISIONING_PROFILE_SPECIFIER = "";
				SWIFT_EMIT_LOC_STRINGS = NO;
				SWIFT_VERSION = 5.0;
				TARGETED_DEVICE_FAMILY = "1,2";
				TEST_HOST = "$(BUILT_PRODUCTS_DIR)/ReachNews.app/ReachNews";
			};
			name = Release;
		};
		E09403D6299BDC8B00B1BA8E /* Debug */ = {
			isa = XCBuildConfiguration;
			buildSettings = {
				CLANG_CXX_LANGUAGE_STANDARD = "gnu++20";
				CODE_SIGN_STYLE = Automatic;
				CURRENT_PROJECT_VERSION = 1;
				GENERATE_INFOPLIST_FILE = YES;
				IPHONEOS_DEPLOYMENT_TARGET = 16.2;
				MARKETING_VERSION = 1.0;
				PRODUCT_BUNDLE_IDENTIFIER = "qa-ios-techtest.ReachNewsUITests";
				PRODUCT_NAME = "$(TARGET_NAME)";
				SWIFT_EMIT_LOC_STRINGS = NO;
				SWIFT_VERSION = 5.0;
				TARGETED_DEVICE_FAMILY = "1,2";
				TEST_TARGET_NAME = ReachNews;
			};
			name = Debug;
		};
		E09403D7299BDC8B00B1BA8E /* Release */ = {
			isa = XCBuildConfiguration;
			buildSettings = {
				CLANG_CXX_LANGUAGE_STANDARD = "gnu++20";
				CODE_SIGN_STYLE = Automatic;
				CURRENT_PROJECT_VERSION = 1;
				GENERATE_INFOPLIST_FILE = YES;
				IPHONEOS_DEPLOYMENT_TARGET = 16.2;
				MARKETING_VERSION = 1.0;
				PRODUCT_BUNDLE_IDENTIFIER = "qa-ios-techtest.ReachNewsUITests";
				PRODUCT_NAME = "$(TARGET_NAME)";
				SWIFT_EMIT_LOC_STRINGS = NO;
				SWIFT_VERSION = 5.0;
				TARGETED_DEVICE_FAMILY = "1,2";
				TEST_TARGET_NAME = ReachNews;
			};
			name = Release;
		};
/* End XCBuildConfiguration section */

/* Begin XCConfigurationList section */
		18CF959728E4D7C00079B714 /* Build configuration list for PBXProject "ReachNews" */ = {
			isa = XCConfigurationList;
			buildConfigurations = (
				18CF95C428E4D7C20079B714 /* Debug */,
				18CF95C528E4D7C20079B714 /* Release */,
			);
			defaultConfigurationIsVisible = 0;
			defaultConfigurationName = Release;
		};
		18CF95C628E4D7C20079B714 /* Build configuration list for PBXNativeTarget "ReachNews" */ = {
			isa = XCConfigurationList;
			buildConfigurations = (
				18CF95C728E4D7C20079B714 /* Debug */,
				18CF95C828E4D7C20079B714 /* Release */,
			);
			defaultConfigurationIsVisible = 0;
			defaultConfigurationName = Release;
		};
		18CF95C928E4D7C20079B714 /* Build configuration list for PBXNativeTarget "ReachNewsTests" */ = {
			isa = XCConfigurationList;
			buildConfigurations = (
				18CF95CA28E4D7C20079B714 /* Debug */,
				18CF95CB28E4D7C20079B714 /* Release */,
			);
			defaultConfigurationIsVisible = 0;
			defaultConfigurationName = Release;
		};
		E09403D5299BDC8B00B1BA8E /* Build configuration list for PBXNativeTarget "ReachNewsUITests" */ = {
			isa = XCConfigurationList;
			buildConfigurations = (
				E09403D6299BDC8B00B1BA8E /* Debug */,
				E09403D7299BDC8B00B1BA8E /* Release */,
			);
			defaultConfigurationIsVisible = 0;
			defaultConfigurationName = Release;
		};
/* End XCConfigurationList section */
	};
	rootObject = 18CF959428E4D7C00079B714 /* Project object */;
}
